
Microsoft Visual Studio Solution File, Format Version 12.00
# Visual Studio 2012
Project("{FAE04EC0-301F-11D3-BF4B-00C04F79EFBC}") = "DAL", "DAL\DAL.csproj", "{F7DE3209-9044-407F-9937-A34777B91D9F}"
EndProject
Project("{FAE04EC0-301F-11D3-BF4B-00C04F79EFBC}") = "BLL", "BLL\BLL.csproj", "{A449E381-7873-4F6F-8B08-ED3091AF1092}"
EndProject
Project("{FAE04EC0-301F-11D3-BF4B-00C04F79EFBC}") = "GUI", "GUI\GUI.csproj", "{9D33B39F-1E1C-4DAC-9D7B-8A25C77F2C3C}"
EndProject
Project("{6141683F-8A12-4E36-9623-2EB02B2C2303}") = "Setup", "Setup\Setup.isproj", "{B06E02C7-49D8-4A81-B48D-A831402C42FE}"
EndProject
Global
	GlobalSection(SolutionConfigurationPlatforms) = preSolution
		CD_ROM|Any CPU = CD_ROM|Any CPU
		Debug|Any CPU = Debug|Any CPU
		DVD-5|Any CPU = DVD-5|Any CPU
		Release|Any CPU = Release|Any CPU
		SingleImage|Any CPU = SingleImage|Any CPU
	EndGlobalSection
	GlobalSection(ProjectConfigurationPlatforms) = postSolution
		{F7DE3209-9044-407F-9937-A34777B91D9F}.CD_ROM|Any CPU.ActiveCfg = Release|Any CPU
		{F7DE3209-9044-407F-9937-A34777B91D9F}.CD_ROM|Any CPU.Build.0 = Release|Any CPU
		{F7DE3209-9044-407F-9937-A34777B91D9F}.Debug|Any CPU.ActiveCfg = Debug|Any CPU
		{F7DE3209-9044-407F-9937-A34777B91D9F}.Debug|Any CPU.Build.0 = Debug|Any CPU
		{F7DE3209-9044-407F-9937-A34777B91D9F}.DVD-5|Any CPU.ActiveCfg = Debug|Any CPU
		{F7DE3209-9044-407F-9937-A34777B91D9F}.DVD-5|Any CPU.Build.0 = Debug|Any CPU
		{F7DE3209-9044-407F-9937-A34777B91D9F}.Release|Any CPU.ActiveCfg = Release|Any CPU
		{F7DE3209-9044-407F-9937-A34777B91D9F}.Release|Any CPU.Build.0 = Release|Any CPU
		{F7DE3209-9044-407F-9937-A34777B91D9F}.SingleImage|Any CPU.ActiveCfg = Release|Any CPU
		{F7DE3209-9044-407F-9937-A34777B91D9F}.SingleImage|Any CPU.Build.0 = Release|Any CPU
		{A449E381-7873-4F6F-8B08-ED3091AF1092}.CD_ROM|Any CPU.ActiveCfg = Release|Any CPU
		{A449E381-7873-4F6F-8B08-ED3091AF1092}.CD_ROM|Any CPU.Build.0 = Release|Any CPU
		{A449E381-7873-4F6F-8B08-ED3091AF1092}.Debug|Any CPU.ActiveCfg = Debug|Any CPU
		{A449E381-7873-4F6F-8B08-ED3091AF1092}.Debug|Any CPU.Build.0 = Debug|Any CPU
		{A449E381-7873-4F6F-8B08-ED3091AF1092}.DVD-5|Any CPU.ActiveCfg = Debug|Any CPU
		{A449E381-7873-4F6F-8B08-ED3091AF1092}.DVD-5|Any CPU.Build.0 = Debug|Any CPU
		{A449E381-7873-4F6F-8B08-ED3091AF1092}.Release|Any CPU.ActiveCfg = Release|Any CPU
		{A449E381-7873-4F6F-8B08-ED3091AF1092}.Release|Any CPU.Build.0 = Release|Any CPU
		{A449E381-7873-4F6F-8B08-ED3091AF1092}.SingleImage|Any CPU.ActiveCfg = Release|Any CPU
		{A449E381-7873-4F6F-8B08-ED3091AF1092}.SingleImage|Any CPU.Build.0 = Release|Any CPU
		{9D33B39F-1E1C-4DAC-9D7B-8A25C77F2C3C}.CD_ROM|Any CPU.ActiveCfg = Release|Any CPU
		{9D33B39F-1E1C-4DAC-9D7B-8A25C77F2C3C}.CD_ROM|Any CPU.Build.0 = Release|Any CPU
		{9D33B39F-1E1C-4DAC-9D7B-8A25C77F2C3C}.Debug|Any CPU.ActiveCfg = Debug|Any CPU
		{9D33B39F-1E1C-4DAC-9D7B-8A25C77F2C3C}.Debug|Any CPU.Build.0 = Debug|Any CPU
		{9D33B39F-1E1C-4DAC-9D7B-8A25C77F2C3C}.DVD-5|Any CPU.ActiveCfg = Debug|Any CPU
		{9D33B39F-1E1C-4DAC-9D7B-8A25C77F2C3C}.DVD-5|Any CPU.Build.0 = Debug|Any CPU
		{9D33B39F-1E1C-4DAC-9D7B-8A25C77F2C3C}.Release|Any CPU.ActiveCfg = Release|Any CPU
		{9D33B39F-1E1C-4DAC-9D7B-8A25C77F2C3C}.Release|Any CPU.Build.0 = Release|Any CPU
		{9D33B39F-1E1C-4DAC-9D7B-8A25C77F2C3C}.SingleImage|Any CPU.ActiveCfg = Release|Any CPU
		{9D33B39F-1E1C-4DAC-9D7B-8A25C77F2C3C}.SingleImage|Any CPU.Build.0 = Release|Any CPU
		{B06E02C7-49D8-4A81-B48D-A831402C42FE}.CD_ROM|Any CPU.ActiveCfg = CD_ROM
		{B06E02C7-49D8-4A81-B48D-A831402C42FE}.CD_ROM|Any CPU.Build.0 = CD_ROM
		{B06E02C7-49D8-4A81-B48D-A831402C42FE}.Debug|Any CPU.ActiveCfg = DVD-5
		{B06E02C7-49D8-4A81-B48D-A831402C42FE}.Debug|Any CPU.Build.0 = DVD-5
		{B06E02C7-49D8-4A81-B48D-A831402C42FE}.DVD-5|Any CPU.ActiveCfg = DVD-5
		{B06E02C7-49D8-4A81-B48D-A831402C42FE}.DVD-5|Any CPU.Build.0 = DVD-5
		{B06E02C7-49D8-4A81-B48D-A831402C42FE}.Release|Any CPU.ActiveCfg = SingleImage
		{B06E02C7-49D8-4A81-B48D-A831402C42FE}.Release|Any CPU.Build.0 = SingleImage
		{B06E02C7-49D8-4A81-B48D-A831402C42FE}.SingleImage|Any CPU.ActiveCfg = SingleImage
		{B06E02C7-49D8-4A81-B48D-A831402C42FE}.SingleImage|Any CPU.Build.0 = SingleImage
	EndGlobalSection
	GlobalSection(SolutionProperties) = preSolution
		HideSolutionNode = FALSE
	EndGlobalSection
EndGlobal
